
Microsoft Visual Studio Solution File, Format Version 12.00
# Visual Studio Version 16
VisualStudioVersion = 16.0.29306.81
MinimumVisualStudioVersion = 10.0.40219.1
Project("{8BC9CEB8-8B4A-11D0-8D11-00A0C91BC942}") = "21번", "21번.vcxproj", "{FA451823-DB12-4D99-B0B9-33BAD0ED6D51}"
EndProject
Global
	GlobalSection(SolutionConfigurationPlatforms) = preSolution
		Debug|x64 = Debug|x64
		Debug|x86 = Debug|x86
		Release|x64 = Release|x64
		Release|x86 = Release|x86
	EndGlobalSection
	GlobalSection(ProjectConfigurationPlatforms) = postSolution
		{FA451823-DB12-4D99-B0B9-33BAD0ED6D51}.Debug|x64.ActiveCfg = Debug|x64
		{FA451823-DB12-4D99-B0B9-33BAD0ED6D51}.Debug|x64.Build.0 = Debug|x64
		{FA451823-DB12-4D99-B0B9-33BAD0ED6D51}.Debug|x86.ActiveCfg = Debug|Win32
		{FA451823-DB12-4D99-B0B9-33BAD0ED6D51}.Debug|x86.Build.0 = Debug|Win32
		{FA451823-DB12-4D99-B0B9-33BAD0ED6D51}.Release|x64.ActiveCfg = Release|x64
		{FA451823-DB12-4D99-B0B9-33BAD0ED6D51}.Release|x64.Build.0 = Release|x64
		{FA451823-DB12-4D99-B0B9-33BAD0ED6D51}.Release|x86.ActiveCfg = Release|Win32
		{FA451823-DB12-4D99-B0B9-33BAD0ED6D51}.Release|x86.Build.0 = Release|Win32
	EndGlobalSection
	GlobalSection(SolutionProperties) = preSolution
		HideSolutionNode = FALSE
	EndGlobalSection
	GlobalSection(ExtensibilityGlobals) = postSolution
		SolutionGuid = {82EC4539-D635-48BF-8C03-C9DA2A3F7ADB}
	EndGlobalSection
EndGlobal
