
Microsoft Visual Studio Solution File, Format Version 12.00
# Visual Studio Version 16
VisualStudioVersion = 16.0.29411.108
MinimumVisualStudioVersion = 10.0.40219.1
Project("{8BC9CEB8-8B4A-11D0-8D11-00A0C91BC942}") = "Project6", "Project6\Project6.vcxproj", "{59144E6D-5755-48EB-A92D-CC8BF2B912B4}"
EndProject
Project("{8BC9CEB8-8B4A-11D0-8D11-00A0C91BC942}") = "Sil1", "Sil1\Sil1.vcxproj", "{092AAF95-7454-41AC-8984-88614ED2DC96}"
EndProject
Project("{8BC9CEB8-8B4A-11D0-8D11-00A0C91BC942}") = "Sil2", "Sil2\Sil2.vcxproj", "{D74FACBD-E262-4285-A65D-546C1746393F}"
EndProject
Project("{8BC9CEB8-8B4A-11D0-8D11-00A0C91BC942}") = "Sil3", "Sil3\Sil3.vcxproj", "{17453874-3560-435C-BCE1-C7F1726341CB}"
EndProject
Project("{8BC9CEB8-8B4A-11D0-8D11-00A0C91BC942}") = "same", "same\same.vcxproj", "{3E169E93-CED1-4FAE-8C1A-512DCC4CB899}"
EndProject
Project("{8BC9CEB8-8B4A-11D0-8D11-00A0C91BC942}") = "Project1", "Project1\Project1.vcxproj", "{48FFDBB5-AB58-4CDE-9ADB-ED5F394FD1BF}"
EndProject
Project("{8BC9CEB8-8B4A-11D0-8D11-00A0C91BC942}") = "Project2", "Project2\Project2.vcxproj", "{DC221834-5764-40FE-BCDE-1C781AABA524}"
EndProject
Project("{8BC9CEB8-8B4A-11D0-8D11-00A0C91BC942}") = "Project3", "Project3\Project3.vcxproj", "{43D1C3DC-11E8-47D8-95DF-DEE1AA30E02F}"
EndProject
Project("{8BC9CEB8-8B4A-11D0-8D11-00A0C91BC942}") = "Project4", "Project4\Project4.vcxproj", "{8CC181CC-9773-4FD5-90B0-07FDD301122C}"
EndProject
Project("{8BC9CEB8-8B4A-11D0-8D11-00A0C91BC942}") = "Project5", "Project5\Project5.vcxproj", "{635BA642-C5A1-4AFD-8206-53208B4B184A}"
EndProject
Project("{8BC9CEB8-8B4A-11D0-8D11-00A0C91BC942}") = "Project7", "Project7\Project7.vcxproj", "{667639EB-9DC9-414F-8114-DBEFE7ADEEC7}"
EndProject
Project("{8BC9CEB8-8B4A-11D0-8D11-00A0C91BC942}") = "Project8", "Project8\Project8.vcxproj", "{861A528A-CD81-4220-A33B-48ED008EE39F}"
EndProject
Project("{8BC9CEB8-8B4A-11D0-8D11-00A0C91BC942}") = "Project9", "Project9\Project9.vcxproj", "{26717EF9-DC4C-4FBE-A803-F67C7E9D8B80}"
EndProject
Project("{8BC9CEB8-8B4A-11D0-8D11-00A0C91BC942}") = "14번", "14번\14번.vcxproj", "{21F28FF8-0695-45E4-9E96-55A4D9ABB0E2}"
EndProject
Project("{8BC9CEB8-8B4A-11D0-8D11-00A0C91BC942}") = "15번", "15번\15번.vcxproj", "{A2FAD649-E26E-4C4B-945C-FF17807239DA}"
EndProject
Project("{8BC9CEB8-8B4A-11D0-8D11-00A0C91BC942}") = "16번", "16번\16번.vcxproj", "{CB0CC566-10AA-4943-A125-106529B933B1}"
EndProject
Project("{8BC9CEB8-8B4A-11D0-8D11-00A0C91BC942}") = "17번", "17번\17번.vcxproj", "{F18EFE68-2CF7-4C98-A5AF-9F39DD5812C2}"
EndProject
Project("{8BC9CEB8-8B4A-11D0-8D11-00A0C91BC942}") = "18번", "18번\18번.vcxproj", "{2C1F66F8-4A3D-41CD-AE10-CABFB6D6E34D}"
EndProject
Project("{8BC9CEB8-8B4A-11D0-8D11-00A0C91BC942}") = "19번(X)", "19번\19번.vcxproj", "{0FCA6F23-63CD-4C98-B58E-7D1C30493C50}"
EndProject
Project("{8BC9CEB8-8B4A-11D0-8D11-00A0C91BC942}") = "20번", "20번\20번.vcxproj", "{8D6697BC-A35F-4A3D-B05C-E6F71AA23E8A}"
EndProject
Global
	GlobalSection(SolutionConfigurationPlatforms) = preSolution
		Debug|x64 = Debug|x64
		Debug|x86 = Debug|x86
		Release|x64 = Release|x64
		Release|x86 = Release|x86
	EndGlobalSection
	GlobalSection(ProjectConfigurationPlatforms) = postSolution
		{59144E6D-5755-48EB-A92D-CC8BF2B912B4}.Debug|x64.ActiveCfg = Debug|x64
		{59144E6D-5755-48EB-A92D-CC8BF2B912B4}.Debug|x64.Build.0 = Debug|x64
		{59144E6D-5755-48EB-A92D-CC8BF2B912B4}.Debug|x86.ActiveCfg = Debug|Win32
		{59144E6D-5755-48EB-A92D-CC8BF2B912B4}.Debug|x86.Build.0 = Debug|Win32
		{59144E6D-5755-48EB-A92D-CC8BF2B912B4}.Release|x64.ActiveCfg = Release|x64
		{59144E6D-5755-48EB-A92D-CC8BF2B912B4}.Release|x64.Build.0 = Release|x64
		{59144E6D-5755-48EB-A92D-CC8BF2B912B4}.Release|x86.ActiveCfg = Release|Win32
		{59144E6D-5755-48EB-A92D-CC8BF2B912B4}.Release|x86.Build.0 = Release|Win32
		{092AAF95-7454-41AC-8984-88614ED2DC96}.Debug|x64.ActiveCfg = Debug|x64
		{092AAF95-7454-41AC-8984-88614ED2DC96}.Debug|x64.Build.0 = Debug|x64
		{092AAF95-7454-41AC-8984-88614ED2DC96}.Debug|x86.ActiveCfg = Debug|Win32
		{092AAF95-7454-41AC-8984-88614ED2DC96}.Debug|x86.Build.0 = Debug|Win32
		{092AAF95-7454-41AC-8984-88614ED2DC96}.Release|x64.ActiveCfg = Release|x64
		{092AAF95-7454-41AC-8984-88614ED2DC96}.Release|x64.Build.0 = Release|x64
		{092AAF95-7454-41AC-8984-88614ED2DC96}.Release|x86.ActiveCfg = Release|Win32
		{092AAF95-7454-41AC-8984-88614ED2DC96}.Release|x86.Build.0 = Release|Win32
		{D74FACBD-E262-4285-A65D-546C1746393F}.Debug|x64.ActiveCfg = Debug|x64
		{D74FACBD-E262-4285-A65D-546C1746393F}.Debug|x64.Build.0 = Debug|x64
		{D74FACBD-E262-4285-A65D-546C1746393F}.Debug|x86.ActiveCfg = Debug|Win32
		{D74FACBD-E262-4285-A65D-546C1746393F}.Debug|x86.Build.0 = Debug|Win32
		{D74FACBD-E262-4285-A65D-546C1746393F}.Release|x64.ActiveCfg = Release|x64
		{D74FACBD-E262-4285-A65D-546C1746393F}.Release|x64.Build.0 = Release|x64
		{D74FACBD-E262-4285-A65D-546C1746393F}.Release|x86.ActiveCfg = Release|Win32
		{D74FACBD-E262-4285-A65D-546C1746393F}.Release|x86.Build.0 = Release|Win32
		{17453874-3560-435C-BCE1-C7F1726341CB}.Debug|x64.ActiveCfg = Debug|x64
		{17453874-3560-435C-BCE1-C7F1726341CB}.Debug|x64.Build.0 = Debug|x64
		{17453874-3560-435C-BCE1-C7F1726341CB}.Debug|x86.ActiveCfg = Debug|Win32
		{17453874-3560-435C-BCE1-C7F1726341CB}.Debug|x86.Build.0 = Debug|Win32
		{17453874-3560-435C-BCE1-C7F1726341CB}.Release|x64.ActiveCfg = Release|x64
		{17453874-3560-435C-BCE1-C7F1726341CB}.Release|x64.Build.0 = Release|x64
		{17453874-3560-435C-BCE1-C7F1726341CB}.Release|x86.ActiveCfg = Release|Win32
		{17453874-3560-435C-BCE1-C7F1726341CB}.Release|x86.Build.0 = Release|Win32
		{3E169E93-CED1-4FAE-8C1A-512DCC4CB899}.Debug|x64.ActiveCfg = Debug|x64
		{3E169E93-CED1-4FAE-8C1A-512DCC4CB899}.Debug|x64.Build.0 = Debug|x64
		{3E169E93-CED1-4FAE-8C1A-512DCC4CB899}.Debug|x86.ActiveCfg = Debug|Win32
		{3E169E93-CED1-4FAE-8C1A-512DCC4CB899}.Debug|x86.Build.0 = Debug|Win32
		{3E169E93-CED1-4FAE-8C1A-512DCC4CB899}.Release|x64.ActiveCfg = Release|x64
		{3E169E93-CED1-4FAE-8C1A-512DCC4CB899}.Release|x64.Build.0 = Release|x64
		{3E169E93-CED1-4FAE-8C1A-512DCC4CB899}.Release|x86.ActiveCfg = Release|Win32
		{3E169E93-CED1-4FAE-8C1A-512DCC4CB899}.Release|x86.Build.0 = Release|Win32
		{48FFDBB5-AB58-4CDE-9ADB-ED5F394FD1BF}.Debug|x64.ActiveCfg = Debug|x64
		{48FFDBB5-AB58-4CDE-9ADB-ED5F394FD1BF}.Debug|x64.Build.0 = Debug|x64
		{48FFDBB5-AB58-4CDE-9ADB-ED5F394FD1BF}.Debug|x86.ActiveCfg = Debug|Win32
		{48FFDBB5-AB58-4CDE-9ADB-ED5F394FD1BF}.Debug|x86.Build.0 = Debug|Win32
		{48FFDBB5-AB58-4CDE-9ADB-ED5F394FD1BF}.Release|x64.ActiveCfg = Release|x64
		{48FFDBB5-AB58-4CDE-9ADB-ED5F394FD1BF}.Release|x64.Build.0 = Release|x64
		{48FFDBB5-AB58-4CDE-9ADB-ED5F394FD1BF}.Release|x86.ActiveCfg = Release|Win32
		{48FFDBB5-AB58-4CDE-9ADB-ED5F394FD1BF}.Release|x86.Build.0 = Release|Win32
		{DC221834-5764-40FE-BCDE-1C781AABA524}.Debug|x64.ActiveCfg = Debug|x64
		{DC221834-5764-40FE-BCDE-1C781AABA524}.Debug|x64.Build.0 = Debug|x64
		{DC221834-5764-40FE-BCDE-1C781AABA524}.Debug|x86.ActiveCfg = Debug|Win32
		{DC221834-5764-40FE-BCDE-1C781AABA524}.Debug|x86.Build.0 = Debug|Win32
		{DC221834-5764-40FE-BCDE-1C781AABA524}.Release|x64.ActiveCfg = Release|x64
		{DC221834-5764-40FE-BCDE-1C781AABA524}.Release|x64.Build.0 = Release|x64
		{DC221834-5764-40FE-BCDE-1C781AABA524}.Release|x86.ActiveCfg = Release|Win32
		{DC221834-5764-40FE-BCDE-1C781AABA524}.Release|x86.Build.0 = Release|Win32
		{43D1C3DC-11E8-47D8-95DF-DEE1AA30E02F}.Debug|x64.ActiveCfg = Debug|x64
		{43D1C3DC-11E8-47D8-95DF-DEE1AA30E02F}.Debug|x64.Build.0 = Debug|x64
		{43D1C3DC-11E8-47D8-95DF-DEE1AA30E02F}.Debug|x86.ActiveCfg = Debug|Win32
		{43D1C3DC-11E8-47D8-95DF-DEE1AA30E02F}.Debug|x86.Build.0 = Debug|Win32
		{43D1C3DC-11E8-47D8-95DF-DEE1AA30E02F}.Release|x64.ActiveCfg = Release|x64
		{43D1C3DC-11E8-47D8-95DF-DEE1AA30E02F}.Release|x64.Build.0 = Release|x64
		{43D1C3DC-11E8-47D8-95DF-DEE1AA30E02F}.Release|x86.ActiveCfg = Release|Win32
		{43D1C3DC-11E8-47D8-95DF-DEE1AA30E02F}.Release|x86.Build.0 = Release|Win32
		{8CC181CC-9773-4FD5-90B0-07FDD301122C}.Debug|x64.ActiveCfg = Debug|x64
		{8CC181CC-9773-4FD5-90B0-07FDD301122C}.Debug|x64.Build.0 = Debug|x64
		{8CC181CC-9773-4FD5-90B0-07FDD301122C}.Debug|x86.ActiveCfg = Debug|Win32
		{8CC181CC-9773-4FD5-90B0-07FDD301122C}.Debug|x86.Build.0 = Debug|Win32
		{8CC181CC-9773-4FD5-90B0-07FDD301122C}.Release|x64.ActiveCfg = Release|x64
		{8CC181CC-9773-4FD5-90B0-07FDD301122C}.Release|x64.Build.0 = Release|x64
		{8CC181CC-9773-4FD5-90B0-07FDD301122C}.Release|x86.ActiveCfg = Release|Win32
		{8CC181CC-9773-4FD5-90B0-07FDD301122C}.Release|x86.Build.0 = Release|Win32
		{635BA642-C5A1-4AFD-8206-53208B4B184A}.Debug|x64.ActiveCfg = Debug|x64
		{635BA642-C5A1-4AFD-8206-53208B4B184A}.Debug|x64.Build.0 = Debug|x64
		{635BA642-C5A1-4AFD-8206-53208B4B184A}.Debug|x86.ActiveCfg = Debug|Win32
		{635BA642-C5A1-4AFD-8206-53208B4B184A}.Debug|x86.Build.0 = Debug|Win32
		{635BA642-C5A1-4AFD-8206-53208B4B184A}.Release|x64.ActiveCfg = Release|x64
		{635BA642-C5A1-4AFD-8206-53208B4B184A}.Release|x64.Build.0 = Release|x64
		{635BA642-C5A1-4AFD-8206-53208B4B184A}.Release|x86.ActiveCfg = Release|Win32
		{635BA642-C5A1-4AFD-8206-53208B4B184A}.Release|x86.Build.0 = Release|Win32
		{667639EB-9DC9-414F-8114-DBEFE7ADEEC7}.Debug|x64.ActiveCfg = Debug|x64
		{667639EB-9DC9-414F-8114-DBEFE7ADEEC7}.Debug|x64.Build.0 = Debug|x64
		{667639EB-9DC9-414F-8114-DBEFE7ADEEC7}.Debug|x86.ActiveCfg = Debug|Win32
		{667639EB-9DC9-414F-8114-DBEFE7ADEEC7}.Debug|x86.Build.0 = Debug|Win32
		{667639EB-9DC9-414F-8114-DBEFE7ADEEC7}.Release|x64.ActiveCfg = Release|x64
		{667639EB-9DC9-414F-8114-DBEFE7ADEEC7}.Release|x64.Build.0 = Release|x64
		{667639EB-9DC9-414F-8114-DBEFE7ADEEC7}.Release|x86.ActiveCfg = Release|Win32
		{667639EB-9DC9-414F-8114-DBEFE7ADEEC7}.Release|x86.Build.0 = Release|Win32
		{861A528A-CD81-4220-A33B-48ED008EE39F}.Debug|x64.ActiveCfg = Debug|x64
		{861A528A-CD81-4220-A33B-48ED008EE39F}.Debug|x64.Build.0 = Debug|x64
		{861A528A-CD81-4220-A33B-48ED008EE39F}.Debug|x86.ActiveCfg = Debug|Win32
		{861A528A-CD81-4220-A33B-48ED008EE39F}.Debug|x86.Build.0 = Debug|Win32
		{861A528A-CD81-4220-A33B-48ED008EE39F}.Release|x64.ActiveCfg = Release|x64
		{861A528A-CD81-4220-A33B-48ED008EE39F}.Release|x64.Build.0 = Release|x64
		{861A528A-CD81-4220-A33B-48ED008EE39F}.Release|x86.ActiveCfg = Release|Win32
		{861A528A-CD81-4220-A33B-48ED008EE39F}.Release|x86.Build.0 = Release|Win32
		{26717EF9-DC4C-4FBE-A803-F67C7E9D8B80}.Debug|x64.ActiveCfg = Debug|x64
		{26717EF9-DC4C-4FBE-A803-F67C7E9D8B80}.Debug|x64.Build.0 = Debug|x64
		{26717EF9-DC4C-4FBE-A803-F67C7E9D8B80}.Debug|x86.ActiveCfg = Debug|Win32
		{26717EF9-DC4C-4FBE-A803-F67C7E9D8B80}.Debug|x86.Build.0 = Debug|Win32
		{26717EF9-DC4C-4FBE-A803-F67C7E9D8B80}.Release|x64.ActiveCfg = Release|x64
		{26717EF9-DC4C-4FBE-A803-F67C7E9D8B80}.Release|x64.Build.0 = Release|x64
		{26717EF9-DC4C-4FBE-A803-F67C7E9D8B80}.Release|x86.ActiveCfg = Release|Win32
		{26717EF9-DC4C-4FBE-A803-F67C7E9D8B80}.Release|x86.Build.0 = Release|Win32
		{21F28FF8-0695-45E4-9E96-55A4D9ABB0E2}.Debug|x64.ActiveCfg = Debug|x64
		{21F28FF8-0695-45E4-9E96-55A4D9ABB0E2}.Debug|x64.Build.0 = Debug|x64
		{21F28FF8-0695-45E4-9E96-55A4D9ABB0E2}.Debug|x86.ActiveCfg = Debug|Win32
		{21F28FF8-0695-45E4-9E96-55A4D9ABB0E2}.Debug|x86.Build.0 = Debug|Win32
		{21F28FF8-0695-45E4-9E96-55A4D9ABB0E2}.Release|x64.ActiveCfg = Release|x64
		{21F28FF8-0695-45E4-9E96-55A4D9ABB0E2}.Release|x64.Build.0 = Release|x64
		{21F28FF8-0695-45E4-9E96-55A4D9ABB0E2}.Release|x86.ActiveCfg = Release|Win32
		{21F28FF8-0695-45E4-9E96-55A4D9ABB0E2}.Release|x86.Build.0 = Release|Win32
		{A2FAD649-E26E-4C4B-945C-FF17807239DA}.Debug|x64.ActiveCfg = Debug|x64
		{A2FAD649-E26E-4C4B-945C-FF17807239DA}.Debug|x64.Build.0 = Debug|x64
		{A2FAD649-E26E-4C4B-945C-FF17807239DA}.Debug|x86.ActiveCfg = Debug|Win32
		{A2FAD649-E26E-4C4B-945C-FF17807239DA}.Debug|x86.Build.0 = Debug|Win32
		{A2FAD649-E26E-4C4B-945C-FF17807239DA}.Release|x64.ActiveCfg = Release|x64
		{A2FAD649-E26E-4C4B-945C-FF17807239DA}.Release|x64.Build.0 = Release|x64
		{A2FAD649-E26E-4C4B-945C-FF17807239DA}.Release|x86.ActiveCfg = Release|Win32
		{A2FAD649-E26E-4C4B-945C-FF17807239DA}.Release|x86.Build.0 = Release|Win32
		{CB0CC566-10AA-4943-A125-106529B933B1}.Debug|x64.ActiveCfg = Debug|x64
		{CB0CC566-10AA-4943-A125-106529B933B1}.Debug|x64.Build.0 = Debug|x64
		{CB0CC566-10AA-4943-A125-106529B933B1}.Debug|x86.ActiveCfg = Debug|Win32
		{CB0CC566-10AA-4943-A125-106529B933B1}.Debug|x86.Build.0 = Debug|Win32
		{CB0CC566-10AA-4943-A125-106529B933B1}.Release|x64.ActiveCfg = Release|x64
		{CB0CC566-10AA-4943-A125-106529B933B1}.Release|x64.Build.0 = Release|x64
		{CB0CC566-10AA-4943-A125-106529B933B1}.Release|x86.ActiveCfg = Release|Win32
		{CB0CC566-10AA-4943-A125-106529B933B1}.Release|x86.Build.0 = Release|Win32
		{F18EFE68-2CF7-4C98-A5AF-9F39DD5812C2}.Debug|x64.ActiveCfg = Debug|x64
		{F18EFE68-2CF7-4C98-A5AF-9F39DD5812C2}.Debug|x64.Build.0 = Debug|x64
		{F18EFE68-2CF7-4C98-A5AF-9F39DD5812C2}.Debug|x86.ActiveCfg = Debug|Win32
		{F18EFE68-2CF7-4C98-A5AF-9F39DD5812C2}.Debug|x86.Build.0 = Debug|Win32
		{F18EFE68-2CF7-4C98-A5AF-9F39DD5812C2}.Release|x64.ActiveCfg = Release|x64
		{F18EFE68-2CF7-4C98-A5AF-9F39DD5812C2}.Release|x64.Build.0 = Release|x64
		{F18EFE68-2CF7-4C98-A5AF-9F39DD5812C2}.Release|x86.ActiveCfg = Release|Win32
		{F18EFE68-2CF7-4C98-A5AF-9F39DD5812C2}.Release|x86.Build.0 = Release|Win32
		{2C1F66F8-4A3D-41CD-AE10-CABFB6D6E34D}.Debug|x64.ActiveCfg = Debug|x64
		{2C1F66F8-4A3D-41CD-AE10-CABFB6D6E34D}.Debug|x64.Build.0 = Debug|x64
		{2C1F66F8-4A3D-41CD-AE10-CABFB6D6E34D}.Debug|x86.ActiveCfg = Debug|Win32
		{2C1F66F8-4A3D-41CD-AE10-CABFB6D6E34D}.Debug|x86.Build.0 = Debug|Win32
		{2C1F66F8-4A3D-41CD-AE10-CABFB6D6E34D}.Release|x64.ActiveCfg = Release|x64
		{2C1F66F8-4A3D-41CD-AE10-CABFB6D6E34D}.Release|x64.Build.0 = Release|x64
		{2C1F66F8-4A3D-41CD-AE10-CABFB6D6E34D}.Release|x86.ActiveCfg = Release|Win32
		{2C1F66F8-4A3D-41CD-AE10-CABFB6D6E34D}.Release|x86.Build.0 = Release|Win32
		{0FCA6F23-63CD-4C98-B58E-7D1C30493C50}.Debug|x64.ActiveCfg = Debug|x64
		{0FCA6F23-63CD-4C98-B58E-7D1C30493C50}.Debug|x64.Build.0 = Debug|x64
		{0FCA6F23-63CD-4C98-B58E-7D1C30493C50}.Debug|x86.ActiveCfg = Debug|Win32
		{0FCA6F23-63CD-4C98-B58E-7D1C30493C50}.Debug|x86.Build.0 = Debug|Win32
		{0FCA6F23-63CD-4C98-B58E-7D1C30493C50}.Release|x64.ActiveCfg = Release|x64
		{0FCA6F23-63CD-4C98-B58E-7D1C30493C50}.Release|x64.Build.0 = Release|x64
		{0FCA6F23-63CD-4C98-B58E-7D1C30493C50}.Release|x86.ActiveCfg = Release|Win32
		{0FCA6F23-63CD-4C98-B58E-7D1C30493C50}.Release|x86.Build.0 = Release|Win32
		{8D6697BC-A35F-4A3D-B05C-E6F71AA23E8A}.Debug|x64.ActiveCfg = Debug|x64
		{8D6697BC-A35F-4A3D-B05C-E6F71AA23E8A}.Debug|x64.Build.0 = Debug|x64
		{8D6697BC-A35F-4A3D-B05C-E6F71AA23E8A}.Debug|x86.ActiveCfg = Debug|Win32
		{8D6697BC-A35F-4A3D-B05C-E6F71AA23E8A}.Debug|x86.Build.0 = Debug|Win32
		{8D6697BC-A35F-4A3D-B05C-E6F71AA23E8A}.Release|x64.ActiveCfg = Release|x64
		{8D6697BC-A35F-4A3D-B05C-E6F71AA23E8A}.Release|x64.Build.0 = Release|x64
		{8D6697BC-A35F-4A3D-B05C-E6F71AA23E8A}.Release|x86.ActiveCfg = Release|Win32
		{8D6697BC-A35F-4A3D-B05C-E6F71AA23E8A}.Release|x86.Build.0 = Release|Win32
	EndGlobalSection
	GlobalSection(SolutionProperties) = preSolution
		HideSolutionNode = FALSE
	EndGlobalSection
	GlobalSection(ExtensibilityGlobals) = postSolution
		SolutionGuid = {82D12C65-B49D-49FD-8A2A-2ECEDDEC29FC}
	EndGlobalSection
EndGlobal
