
Microsoft Visual Studio Solution File, Format Version 12.00
# Visual Studio Version 16
VisualStudioVersion = 16.0.29326.143
MinimumVisualStudioVersion = 10.0.40219.1
Project("{8BC9CEB8-8B4A-11D0-8D11-00A0C91BC942}") = "1번", "1번\1번.vcxproj", "{80E9DE64-17A2-4030-9691-EC214493D08C}"
EndProject
Project("{8BC9CEB8-8B4A-11D0-8D11-00A0C91BC942}") = "2번", "2번\2번.vcxproj", "{5F4AAA71-1F62-41ED-B191-826AFAC5AEAC}"
EndProject
Project("{8BC9CEB8-8B4A-11D0-8D11-00A0C91BC942}") = "3번", "3번\3번.vcxproj", "{A5663C0E-516A-44D1-9E98-01A8A4285EE6}"
EndProject
Project("{8BC9CEB8-8B4A-11D0-8D11-00A0C91BC942}") = "4번", "C:\Users\koopk\OneDrive\Desktop\4번\4번.vcxproj", "{ED052E52-90BE-4F7E-ADA7-C18CD759C0B6}"
EndProject
Project("{8BC9CEB8-8B4A-11D0-8D11-00A0C91BC942}") = "18", "17\17.vcxproj", "{B2A81531-0C07-4E95-9DFC-ECD2B18FFA5F}"
EndProject
Project("{8BC9CEB8-8B4A-11D0-8D11-00A0C91BC942}") = "19", "19\19.vcxproj", "{89AB6D58-5E52-4AFF-82F2-5755D7C4510D}"
EndProject
Project("{8BC9CEB8-8B4A-11D0-8D11-00A0C91BC942}") = "20", "20\20.vcxproj", "{26E12470-7259-44EE-B58D-78DE06F530B7}"
EndProject
Project("{8BC9CEB8-8B4A-11D0-8D11-00A0C91BC942}") = "21번", "21번\21번.vcxproj", "{AA5CB1BC-9AC8-4997-BEC7-D6D9F1F9A4EE}"
EndProject
Project("{8BC9CEB8-8B4A-11D0-8D11-00A0C91BC942}") = "22번", "22번\22번.vcxproj", "{EE816112-E69E-4965-AA5E-62D1BA348259}"
EndProject
Global
	GlobalSection(SolutionConfigurationPlatforms) = preSolution
		Debug|x64 = Debug|x64
		Debug|x86 = Debug|x86
		Release|x64 = Release|x64
		Release|x86 = Release|x86
	EndGlobalSection
	GlobalSection(ProjectConfigurationPlatforms) = postSolution
		{80E9DE64-17A2-4030-9691-EC214493D08C}.Debug|x64.ActiveCfg = Debug|x64
		{80E9DE64-17A2-4030-9691-EC214493D08C}.Debug|x64.Build.0 = Debug|x64
		{80E9DE64-17A2-4030-9691-EC214493D08C}.Debug|x86.ActiveCfg = Debug|Win32
		{80E9DE64-17A2-4030-9691-EC214493D08C}.Debug|x86.Build.0 = Debug|Win32
		{80E9DE64-17A2-4030-9691-EC214493D08C}.Release|x64.ActiveCfg = Release|x64
		{80E9DE64-17A2-4030-9691-EC214493D08C}.Release|x64.Build.0 = Release|x64
		{80E9DE64-17A2-4030-9691-EC214493D08C}.Release|x86.ActiveCfg = Release|Win32
		{80E9DE64-17A2-4030-9691-EC214493D08C}.Release|x86.Build.0 = Release|Win32
		{5F4AAA71-1F62-41ED-B191-826AFAC5AEAC}.Debug|x64.ActiveCfg = Debug|x64
		{5F4AAA71-1F62-41ED-B191-826AFAC5AEAC}.Debug|x64.Build.0 = Debug|x64
		{5F4AAA71-1F62-41ED-B191-826AFAC5AEAC}.Debug|x86.ActiveCfg = Debug|Win32
		{5F4AAA71-1F62-41ED-B191-826AFAC5AEAC}.Debug|x86.Build.0 = Debug|Win32
		{5F4AAA71-1F62-41ED-B191-826AFAC5AEAC}.Release|x64.ActiveCfg = Release|x64
		{5F4AAA71-1F62-41ED-B191-826AFAC5AEAC}.Release|x64.Build.0 = Release|x64
		{5F4AAA71-1F62-41ED-B191-826AFAC5AEAC}.Release|x86.ActiveCfg = Release|Win32
		{5F4AAA71-1F62-41ED-B191-826AFAC5AEAC}.Release|x86.Build.0 = Release|Win32
		{A5663C0E-516A-44D1-9E98-01A8A4285EE6}.Debug|x64.ActiveCfg = Debug|x64
		{A5663C0E-516A-44D1-9E98-01A8A4285EE6}.Debug|x64.Build.0 = Debug|x64
		{A5663C0E-516A-44D1-9E98-01A8A4285EE6}.Debug|x86.ActiveCfg = Debug|Win32
		{A5663C0E-516A-44D1-9E98-01A8A4285EE6}.Debug|x86.Build.0 = Debug|Win32
		{A5663C0E-516A-44D1-9E98-01A8A4285EE6}.Release|x64.ActiveCfg = Release|x64
		{A5663C0E-516A-44D1-9E98-01A8A4285EE6}.Release|x64.Build.0 = Release|x64
		{A5663C0E-516A-44D1-9E98-01A8A4285EE6}.Release|x86.ActiveCfg = Release|Win32
		{A5663C0E-516A-44D1-9E98-01A8A4285EE6}.Release|x86.Build.0 = Release|Win32
		{ED052E52-90BE-4F7E-ADA7-C18CD759C0B6}.Debug|x64.ActiveCfg = Debug|x64
		{ED052E52-90BE-4F7E-ADA7-C18CD759C0B6}.Debug|x64.Build.0 = Debug|x64
		{ED052E52-90BE-4F7E-ADA7-C18CD759C0B6}.Debug|x86.ActiveCfg = Debug|Win32
		{ED052E52-90BE-4F7E-ADA7-C18CD759C0B6}.Debug|x86.Build.0 = Debug|Win32
		{ED052E52-90BE-4F7E-ADA7-C18CD759C0B6}.Release|x64.ActiveCfg = Release|x64
		{ED052E52-90BE-4F7E-ADA7-C18CD759C0B6}.Release|x64.Build.0 = Release|x64
		{ED052E52-90BE-4F7E-ADA7-C18CD759C0B6}.Release|x86.ActiveCfg = Release|Win32
		{ED052E52-90BE-4F7E-ADA7-C18CD759C0B6}.Release|x86.Build.0 = Release|Win32
		{B2A81531-0C07-4E95-9DFC-ECD2B18FFA5F}.Debug|x64.ActiveCfg = Debug|x64
		{B2A81531-0C07-4E95-9DFC-ECD2B18FFA5F}.Debug|x64.Build.0 = Debug|x64
		{B2A81531-0C07-4E95-9DFC-ECD2B18FFA5F}.Debug|x86.ActiveCfg = Debug|Win32
		{B2A81531-0C07-4E95-9DFC-ECD2B18FFA5F}.Debug|x86.Build.0 = Debug|Win32
		{B2A81531-0C07-4E95-9DFC-ECD2B18FFA5F}.Release|x64.ActiveCfg = Release|x64
		{B2A81531-0C07-4E95-9DFC-ECD2B18FFA5F}.Release|x64.Build.0 = Release|x64
		{B2A81531-0C07-4E95-9DFC-ECD2B18FFA5F}.Release|x86.ActiveCfg = Release|Win32
		{B2A81531-0C07-4E95-9DFC-ECD2B18FFA5F}.Release|x86.Build.0 = Release|Win32
		{89AB6D58-5E52-4AFF-82F2-5755D7C4510D}.Debug|x64.ActiveCfg = Debug|x64
		{89AB6D58-5E52-4AFF-82F2-5755D7C4510D}.Debug|x64.Build.0 = Debug|x64
		{89AB6D58-5E52-4AFF-82F2-5755D7C4510D}.Debug|x86.ActiveCfg = Debug|Win32
		{89AB6D58-5E52-4AFF-82F2-5755D7C4510D}.Debug|x86.Build.0 = Debug|Win32
		{89AB6D58-5E52-4AFF-82F2-5755D7C4510D}.Release|x64.ActiveCfg = Release|x64
		{89AB6D58-5E52-4AFF-82F2-5755D7C4510D}.Release|x64.Build.0 = Release|x64
		{89AB6D58-5E52-4AFF-82F2-5755D7C4510D}.Release|x86.ActiveCfg = Release|Win32
		{89AB6D58-5E52-4AFF-82F2-5755D7C4510D}.Release|x86.Build.0 = Release|Win32
		{26E12470-7259-44EE-B58D-78DE06F530B7}.Debug|x64.ActiveCfg = Debug|x64
		{26E12470-7259-44EE-B58D-78DE06F530B7}.Debug|x64.Build.0 = Debug|x64
		{26E12470-7259-44EE-B58D-78DE06F530B7}.Debug|x86.ActiveCfg = Debug|Win32
		{26E12470-7259-44EE-B58D-78DE06F530B7}.Debug|x86.Build.0 = Debug|Win32
		{26E12470-7259-44EE-B58D-78DE06F530B7}.Release|x64.ActiveCfg = Release|x64
		{26E12470-7259-44EE-B58D-78DE06F530B7}.Release|x64.Build.0 = Release|x64
		{26E12470-7259-44EE-B58D-78DE06F530B7}.Release|x86.ActiveCfg = Release|Win32
		{26E12470-7259-44EE-B58D-78DE06F530B7}.Release|x86.Build.0 = Release|Win32
		{AA5CB1BC-9AC8-4997-BEC7-D6D9F1F9A4EE}.Debug|x64.ActiveCfg = Debug|x64
		{AA5CB1BC-9AC8-4997-BEC7-D6D9F1F9A4EE}.Debug|x64.Build.0 = Debug|x64
		{AA5CB1BC-9AC8-4997-BEC7-D6D9F1F9A4EE}.Debug|x86.ActiveCfg = Debug|Win32
		{AA5CB1BC-9AC8-4997-BEC7-D6D9F1F9A4EE}.Debug|x86.Build.0 = Debug|Win32
		{AA5CB1BC-9AC8-4997-BEC7-D6D9F1F9A4EE}.Release|x64.ActiveCfg = Release|x64
		{AA5CB1BC-9AC8-4997-BEC7-D6D9F1F9A4EE}.Release|x64.Build.0 = Release|x64
		{AA5CB1BC-9AC8-4997-BEC7-D6D9F1F9A4EE}.Release|x86.ActiveCfg = Release|Win32
		{AA5CB1BC-9AC8-4997-BEC7-D6D9F1F9A4EE}.Release|x86.Build.0 = Release|Win32
		{EE816112-E69E-4965-AA5E-62D1BA348259}.Debug|x64.ActiveCfg = Debug|x64
		{EE816112-E69E-4965-AA5E-62D1BA348259}.Debug|x64.Build.0 = Debug|x64
		{EE816112-E69E-4965-AA5E-62D1BA348259}.Debug|x86.ActiveCfg = Debug|Win32
		{EE816112-E69E-4965-AA5E-62D1BA348259}.Debug|x86.Build.0 = Debug|Win32
		{EE816112-E69E-4965-AA5E-62D1BA348259}.Release|x64.ActiveCfg = Release|x64
		{EE816112-E69E-4965-AA5E-62D1BA348259}.Release|x64.Build.0 = Release|x64
		{EE816112-E69E-4965-AA5E-62D1BA348259}.Release|x86.ActiveCfg = Release|Win32
		{EE816112-E69E-4965-AA5E-62D1BA348259}.Release|x86.Build.0 = Release|Win32
	EndGlobalSection
	GlobalSection(SolutionProperties) = preSolution
		HideSolutionNode = FALSE
	EndGlobalSection
	GlobalSection(ExtensibilityGlobals) = postSolution
		SolutionGuid = {9060F8F2-5B40-4420-86C4-BF999092E139}
	EndGlobalSection
EndGlobal
